
Microsoft Visual Studio Solution File, Format Version 12.00
# Visual Studio 2013
VisualStudioVersion = 12.0.30501.0
MinimumVisualStudioVersion = 10.0.40219.1
Project("{FAE04EC0-301F-11D3-BF4B-00C04F79EFBC}") = "BollywoodBoxOffice.Web", "BollywoodBoxOffice.Web\BollywoodBoxOffice.Web.csproj", "{8612D070-770C-4D24-B2F3-04B6636DF41E}"
EndProject
Project("{FAE04EC0-301F-11D3-BF4B-00C04F79EFBC}") = "BollywoodBoxOffice.Data", "BollywoodBoxOffice.Data\BollywoodBoxOffice.Data.csproj", "{AFC6B949-D442-4FE9-A173-8AC1014EA2F7}"
EndProject
Project("{FAE04EC0-301F-11D3-BF4B-00C04F79EFBC}") = "BollywoodBoxOffice.Data.Models", "BollywoodBoxOffice.Data.Models\BollywoodBoxOffice.Data.Models.csproj", "{0BEBDA34-22B4-4480-B36B-A7EF4F7A16A0}"
EndProject
Global
	GlobalSection(SolutionConfigurationPlatforms) = preSolution
		Debug|Any CPU = Debug|Any CPU
		Release|Any CPU = Release|Any CPU
	EndGlobalSection
	GlobalSection(ProjectConfigurationPlatforms) = postSolution
		{8612D070-770C-4D24-B2F3-04B6636DF41E}.Debug|Any CPU.ActiveCfg = Debug|Any CPU
		{8612D070-770C-4D24-B2F3-04B6636DF41E}.Debug|Any CPU.Build.0 = Debug|Any CPU
		{8612D070-770C-4D24-B2F3-04B6636DF41E}.Release|Any CPU.ActiveCfg = Release|Any CPU
		{8612D070-770C-4D24-B2F3-04B6636DF41E}.Release|Any CPU.Build.0 = Release|Any CPU
		{AFC6B949-D442-4FE9-A173-8AC1014EA2F7}.Debug|Any CPU.ActiveCfg = Debug|Any CPU
		{AFC6B949-D442-4FE9-A173-8AC1014EA2F7}.Debug|Any CPU.Build.0 = Debug|Any CPU
		{AFC6B949-D442-4FE9-A173-8AC1014EA2F7}.Release|Any CPU.ActiveCfg = Release|Any CPU
		{AFC6B949-D442-4FE9-A173-8AC1014EA2F7}.Release|Any CPU.Build.0 = Release|Any CPU
		{0BEBDA34-22B4-4480-B36B-A7EF4F7A16A0}.Debug|Any CPU.ActiveCfg = Debug|Any CPU
		{0BEBDA34-22B4-4480-B36B-A7EF4F7A16A0}.Debug|Any CPU.Build.0 = Debug|Any CPU
		{0BEBDA34-22B4-4480-B36B-A7EF4F7A16A0}.Release|Any CPU.ActiveCfg = Release|Any CPU
		{0BEBDA34-22B4-4480-B36B-A7EF4F7A16A0}.Release|Any CPU.Build.0 = Release|Any CPU
	EndGlobalSection
	GlobalSection(SolutionProperties) = preSolution
		HideSolutionNode = FALSE
	EndGlobalSection
EndGlobal
